
Microsoft Visual Studio Solution File, Format Version 12.00
# Visual Studio 15
VisualStudioVersion = 15.0.28307.1062
MinimumVisualStudioVersion = 10.0.40219.1
Project("{FAE04EC0-301F-11D3-BF4B-00C04F79EFBC}") = "Memorygame2", "Memorygame2\Memorygame2.csproj", "{180DE01C-9766-4C6F-8575-3A14DC6C47D7}"
EndProject
Global
	GlobalSection(SolutionConfigurationPlatforms) = preSolution
		Debug|Any CPU = Debug|Any CPU
		Release|Any CPU = Release|Any CPU
	EndGlobalSection
	GlobalSection(ProjectConfigurationPlatforms) = postSolution
		{180DE01C-9766-4C6F-8575-3A14DC6C47D7}.Debug|Any CPU.ActiveCfg = Debug|Any CPU
		{180DE01C-9766-4C6F-8575-3A14DC6C47D7}.Debug|Any CPU.Build.0 = Debug|Any CPU
		{180DE01C-9766-4C6F-8575-3A14DC6C47D7}.Release|Any CPU.ActiveCfg = Release|Any CPU
		{180DE01C-9766-4C6F-8575-3A14DC6C47D7}.Release|Any CPU.Build.0 = Release|Any CPU
	EndGlobalSection
	GlobalSection(SolutionProperties) = preSolution
		HideSolutionNode = FALSE
	EndGlobalSection
	GlobalSection(ExtensibilityGlobals) = postSolution
		SolutionGuid = {564E0B2F-B004-4021-A803-C10779097250}
	EndGlobalSection
EndGlobal
